PODS:
  - Adjust (5.4.1):
    - Adjust/Adjust (= 5.4.1)
  - Adjust/Adjust (5.4.1):
    - AdjustSignature (= 3.47.0)
  - AdjustSignature (3.47.0)
  - Nuke (10.7.1)
  - ReachabilitySwift (5.2.4)

DEPENDENCIES:
  - Adjust
  - Nuke
  - ReachabilitySwift

SPEC REPOS:
  trunk:
    - Adjust
    - AdjustSignature
    - Nuke
    - ReachabilitySwift

SPEC CHECKSUMS:
  Adjust: 1ff981e84ae1306f8cce30e0661b3997dad1b85c
  AdjustSignature: d634fc6b66295c38807f3b4e50978c1f72355950
  Nuke: 279f17a599fd1c83cf51de5e0e1f2db143a287b0
  ReachabilitySwift: 32793e867593cfc1177f5d16491e3a197d2fccda

PODFILE CHECKSUM: aeff54182ba80f25be11f69d8575aa08d064abe9

COCOAPODS: 1.16.2
